
Microsoft Visual Studio Solution File, Format Version 12.00
# Visual Studio Version 17
VisualStudioVersion = 17.7.34024.191
MinimumVisualStudioVersion = 10.0.40219.1
Project("{FAE04EC0-301F-11D3-BF4B-00C04F79EFBC}") = "desktopowa", "desktopowa.csproj", "{8E5AC238-39B3-4C20-9A52-FC50A02AABB5}"
EndProject
Global
	GlobalSection(SolutionConfigurationPlatforms) = preSolution
		Debug|Any CPU = Debug|Any CPU
		Release|Any CPU = Release|Any CPU
	EndGlobalSection
	GlobalSection(ProjectConfigurationPlatforms) = postSolution
		{8E5AC238-39B3-4C20-9A52-FC50A02AABB5}.Debug|Any CPU.ActiveCfg = Debug|Any CPU
		{8E5AC238-39B3-4C20-9A52-FC50A02AABB5}.Debug|Any CPU.Build.0 = Debug|Any CPU
		{8E5AC238-39B3-4C20-9A52-FC50A02AABB5}.Release|Any CPU.ActiveCfg = Release|Any CPU
		{8E5AC238-39B3-4C20-9A52-FC50A02AABB5}.Release|Any CPU.Build.0 = Release|Any CPU
	EndGlobalSection
	GlobalSection(SolutionProperties) = preSolution
		HideSolutionNode = FALSE
	EndGlobalSection
	GlobalSection(ExtensibilityGlobals) = postSolution
		SolutionGuid = {0F751606-DB39-4D8E-9464-9F6E51B21DED}
	EndGlobalSection
EndGlobal
